
Microsoft Visual Studio Solution File, Format Version 12.00
# Visual Studio Version 17
VisualStudioVersion = 17.7.34024.191
MinimumVisualStudioVersion = 10.0.40219.1
Project("{FAE04EC0-301F-11D3-BF4B-00C04F79EFBC}") = "Week6StringsAndArrays", "Week6StringsAndArrays\Week6StringsAndArrays.csproj", "{26A2D16F-E752-42CC-ABFD-876B572BD08B}"
EndProject
Project("{FAE04EC0-301F-11D3-BF4B-00C04F79EFBC}") = "Arrays", "Arrays\Arrays.csproj", "{169AE750-6E9B-488E-B83E-AFD140778957}"
EndProject
Project("{FAE04EC0-301F-11D3-BF4B-00C04F79EFBC}") = "NumberArrays", "NumberArrays\NumberArrays.csproj", "{BBD61C0B-39F6-4073-9D72-C85604A760C4}"
EndProject
Project("{FAE04EC0-301F-11D3-BF4B-00C04F79EFBC}") = "RandomElement", "RandomElement\RandomElement.csproj", "{A8046BCB-3A22-422E-A39F-D7F6D67D068E}"
EndProject
Global
	GlobalSection(SolutionConfigurationPlatforms) = preSolution
		Debug|Any CPU = Debug|Any CPU
		Release|Any CPU = Release|Any CPU
	EndGlobalSection
	GlobalSection(ProjectConfigurationPlatforms) = postSolution
		{26A2D16F-E752-42CC-ABFD-876B572BD08B}.Debug|Any CPU.ActiveCfg = Debug|Any CPU
		{26A2D16F-E752-42CC-ABFD-876B572BD08B}.Debug|Any CPU.Build.0 = Debug|Any CPU
		{26A2D16F-E752-42CC-ABFD-876B572BD08B}.Release|Any CPU.ActiveCfg = Release|Any CPU
		{26A2D16F-E752-42CC-ABFD-876B572BD08B}.Release|Any CPU.Build.0 = Release|Any CPU
		{169AE750-6E9B-488E-B83E-AFD140778957}.Debug|Any CPU.ActiveCfg = Debug|Any CPU
		{169AE750-6E9B-488E-B83E-AFD140778957}.Debug|Any CPU.Build.0 = Debug|Any CPU
		{169AE750-6E9B-488E-B83E-AFD140778957}.Release|Any CPU.ActiveCfg = Release|Any CPU
		{169AE750-6E9B-488E-B83E-AFD140778957}.Release|Any CPU.Build.0 = Release|Any CPU
		{BBD61C0B-39F6-4073-9D72-C85604A760C4}.Debug|Any CPU.ActiveCfg = Debug|Any CPU
		{BBD61C0B-39F6-4073-9D72-C85604A760C4}.Debug|Any CPU.Build.0 = Debug|Any CPU
		{BBD61C0B-39F6-4073-9D72-C85604A760C4}.Release|Any CPU.ActiveCfg = Release|Any CPU
		{BBD61C0B-39F6-4073-9D72-C85604A760C4}.Release|Any CPU.Build.0 = Release|Any CPU
		{A8046BCB-3A22-422E-A39F-D7F6D67D068E}.Debug|Any CPU.ActiveCfg = Debug|Any CPU
		{A8046BCB-3A22-422E-A39F-D7F6D67D068E}.Debug|Any CPU.Build.0 = Debug|Any CPU
		{A8046BCB-3A22-422E-A39F-D7F6D67D068E}.Release|Any CPU.ActiveCfg = Release|Any CPU
		{A8046BCB-3A22-422E-A39F-D7F6D67D068E}.Release|Any CPU.Build.0 = Release|Any CPU
	EndGlobalSection
	GlobalSection(SolutionProperties) = preSolution
		HideSolutionNode = FALSE
	EndGlobalSection
	GlobalSection(ExtensibilityGlobals) = postSolution
		SolutionGuid = {551DC3CE-7E95-4310-A9A7-ECD7CB5ABF0D}
	EndGlobalSection
EndGlobal
